
Microsoft Visual Studio Solution File, Format Version 12.00
# Visual Studio Version 17
VisualStudioVersion = 17.0.31903.59
MinimumVisualStudioVersion = 10.0.40219.1
Project("{2150E333-8FDC-42A3-9474-1A3956D46DE8}") = "src", "src", "{A5881525-63E2-4306-B212-10E6B925DAE8}"
EndProject
Project("{2150E333-8FDC-42A3-9474-1A3956D46DE8}") = "Command", "Command", "{4E42B978-C29A-4C72-A211-E78979D350D5}"
EndProject
Project("{FAE04EC0-301F-11D3-BF4B-00C04F79EFBC}") = "CQRSES.Command.Domain", "src\Command\CQRSES.Command.Domain\CQRSES.Command.Domain.csproj", "{C674CAB9-BC53-4AF8-B664-1C997D3EB6E7}"
EndProject
Project("{FAE04EC0-301F-11D3-BF4B-00C04F79EFBC}") = "CQRSES.Command.Application", "src\Command\CQRSES.Command.Application\CQRSES.Command.Application.csproj", "{3398BDF2-BE37-4556-8532-ECDB3114418C}"
EndProject
Project("{FAE04EC0-301F-11D3-BF4B-00C04F79EFBC}") = "CQRSES.Command.Infrastructure", "src\Command\CQRSES.Command.Infrastructure\CQRSES.Command.Infrastructure.csproj", "{583C6D2E-97CB-4848-8831-94D98588B71B}"
EndProject
Project("{FAE04EC0-301F-11D3-BF4B-00C04F79EFBC}") = "CQRSES.Command.Api", "src\Command\CQRSES.Command.Api\CQRSES.Command.Api.csproj", "{FD88D1AB-1A8A-49E4-988B-1DF368E998FD}"
EndProject
Project("{2150E333-8FDC-42A3-9474-1A3956D46DE8}") = "Query", "Query", "{F1B91F6B-B6E0-434A-8A54-92B27CFB77E8}"
EndProject
Project("{FAE04EC0-301F-11D3-BF4B-00C04F79EFBC}") = "CQRSES.Query.Domain", "src\Query\CQRSES.Query.Domain\CQRSES.Query.Domain.csproj", "{5F626324-DE76-48CF-B119-4238DFE4F2F0}"
EndProject
Project("{FAE04EC0-301F-11D3-BF4B-00C04F79EFBC}") = "CQRSES.Query.Application", "src\Query\CQRSES.Query.Application\CQRSES.Query.Application.csproj", "{AE123340-48D0-4721-BE0C-70BD4F7A1677}"
EndProject
Project("{FAE04EC0-301F-11D3-BF4B-00C04F79EFBC}") = "CQRSES.Query.Infrastructure", "src\Query\CQRSES.Query.Infrastructure\CQRSES.Query.Infrastructure.csproj", "{AB6C9B0B-F934-4A6F-8EAE-2BE88BFC6E36}"
EndProject
Project("{FAE04EC0-301F-11D3-BF4B-00C04F79EFBC}") = "CQRSES.Query.Api", "src\Query\CQRSES.Query.Api\CQRSES.Query.Api.csproj", "{E234EE1F-A4CA-46FA-A09A-1FEB08FD01CF}"
EndProject
Project("{2150E333-8FDC-42A3-9474-1A3956D46DE8}") = "Events", "Events", "{977B5877-C1DA-41C9-8097-FE1436E89BEB}"
EndProject
Project("{FAE04EC0-301F-11D3-BF4B-00C04F79EFBC}") = "CQRSES.Events", "src\Events\CQRSES.Events\CQRSES.Events.csproj", "{D9F3CB5C-D647-4A94-B36D-1E66DAE237AA}"
EndProject
Global
	GlobalSection(SolutionConfigurationPlatforms) = preSolution
		Debug|Any CPU = Debug|Any CPU
		Release|Any CPU = Release|Any CPU
	EndGlobalSection
	GlobalSection(SolutionProperties) = preSolution
		HideSolutionNode = FALSE
	EndGlobalSection
	GlobalSection(ProjectConfigurationPlatforms) = postSolution
		{C674CAB9-BC53-4AF8-B664-1C997D3EB6E7}.Debug|Any CPU.ActiveCfg = Debug|Any CPU
		{C674CAB9-BC53-4AF8-B664-1C997D3EB6E7}.Debug|Any CPU.Build.0 = Debug|Any CPU
		{C674CAB9-BC53-4AF8-B664-1C997D3EB6E7}.Release|Any CPU.ActiveCfg = Release|Any CPU
		{C674CAB9-BC53-4AF8-B664-1C997D3EB6E7}.Release|Any CPU.Build.0 = Release|Any CPU
		{3398BDF2-BE37-4556-8532-ECDB3114418C}.Debug|Any CPU.ActiveCfg = Debug|Any CPU
		{3398BDF2-BE37-4556-8532-ECDB3114418C}.Debug|Any CPU.Build.0 = Debug|Any CPU
		{3398BDF2-BE37-4556-8532-ECDB3114418C}.Release|Any CPU.ActiveCfg = Release|Any CPU
		{3398BDF2-BE37-4556-8532-ECDB3114418C}.Release|Any CPU.Build.0 = Release|Any CPU
		{583C6D2E-97CB-4848-8831-94D98588B71B}.Debug|Any CPU.ActiveCfg = Debug|Any CPU
		{583C6D2E-97CB-4848-8831-94D98588B71B}.Debug|Any CPU.Build.0 = Debug|Any CPU
		{583C6D2E-97CB-4848-8831-94D98588B71B}.Release|Any CPU.ActiveCfg = Release|Any CPU
		{583C6D2E-97CB-4848-8831-94D98588B71B}.Release|Any CPU.Build.0 = Release|Any CPU
		{FD88D1AB-1A8A-49E4-988B-1DF368E998FD}.Debug|Any CPU.ActiveCfg = Debug|Any CPU
		{FD88D1AB-1A8A-49E4-988B-1DF368E998FD}.Debug|Any CPU.Build.0 = Debug|Any CPU
		{FD88D1AB-1A8A-49E4-988B-1DF368E998FD}.Release|Any CPU.ActiveCfg = Release|Any CPU
		{FD88D1AB-1A8A-49E4-988B-1DF368E998FD}.Release|Any CPU.Build.0 = Release|Any CPU
		{5F626324-DE76-48CF-B119-4238DFE4F2F0}.Debug|Any CPU.ActiveCfg = Debug|Any CPU
		{5F626324-DE76-48CF-B119-4238DFE4F2F0}.Debug|Any CPU.Build.0 = Debug|Any CPU
		{5F626324-DE76-48CF-B119-4238DFE4F2F0}.Release|Any CPU.ActiveCfg = Release|Any CPU
		{5F626324-DE76-48CF-B119-4238DFE4F2F0}.Release|Any CPU.Build.0 = Release|Any CPU
		{AE123340-48D0-4721-BE0C-70BD4F7A1677}.Debug|Any CPU.ActiveCfg = Debug|Any CPU
		{AE123340-48D0-4721-BE0C-70BD4F7A1677}.Debug|Any CPU.Build.0 = Debug|Any CPU
		{AE123340-48D0-4721-BE0C-70BD4F7A1677}.Release|Any CPU.ActiveCfg = Release|Any CPU
		{AE123340-48D0-4721-BE0C-70BD4F7A1677}.Release|Any CPU.Build.0 = Release|Any CPU
		{AB6C9B0B-F934-4A6F-8EAE-2BE88BFC6E36}.Debug|Any CPU.ActiveCfg = Debug|Any CPU
		{AB6C9B0B-F934-4A6F-8EAE-2BE88BFC6E36}.Debug|Any CPU.Build.0 = Debug|Any CPU
		{AB6C9B0B-F934-4A6F-8EAE-2BE88BFC6E36}.Release|Any CPU.ActiveCfg = Release|Any CPU
		{AB6C9B0B-F934-4A6F-8EAE-2BE88BFC6E36}.Release|Any CPU.Build.0 = Release|Any CPU
		{E234EE1F-A4CA-46FA-A09A-1FEB08FD01CF}.Debug|Any CPU.ActiveCfg = Debug|Any CPU
		{E234EE1F-A4CA-46FA-A09A-1FEB08FD01CF}.Debug|Any CPU.Build.0 = Debug|Any CPU
		{E234EE1F-A4CA-46FA-A09A-1FEB08FD01CF}.Release|Any CPU.ActiveCfg = Release|Any CPU
		{E234EE1F-A4CA-46FA-A09A-1FEB08FD01CF}.Release|Any CPU.Build.0 = Release|Any CPU
		{D9F3CB5C-D647-4A94-B36D-1E66DAE237AA}.Debug|Any CPU.ActiveCfg = Debug|Any CPU
		{D9F3CB5C-D647-4A94-B36D-1E66DAE237AA}.Debug|Any CPU.Build.0 = Debug|Any CPU
		{D9F3CB5C-D647-4A94-B36D-1E66DAE237AA}.Release|Any CPU.ActiveCfg = Release|Any CPU
		{D9F3CB5C-D647-4A94-B36D-1E66DAE237AA}.Release|Any CPU.Build.0 = Release|Any CPU
	EndGlobalSection
	GlobalSection(NestedProjects) = preSolution
		{4E42B978-C29A-4C72-A211-E78979D350D5} = {A5881525-63E2-4306-B212-10E6B925DAE8}
		{C674CAB9-BC53-4AF8-B664-1C997D3EB6E7} = {4E42B978-C29A-4C72-A211-E78979D350D5}
		{3398BDF2-BE37-4556-8532-ECDB3114418C} = {4E42B978-C29A-4C72-A211-E78979D350D5}
		{583C6D2E-97CB-4848-8831-94D98588B71B} = {4E42B978-C29A-4C72-A211-E78979D350D5}
		{FD88D1AB-1A8A-49E4-988B-1DF368E998FD} = {4E42B978-C29A-4C72-A211-E78979D350D5}
		{F1B91F6B-B6E0-434A-8A54-92B27CFB77E8} = {A5881525-63E2-4306-B212-10E6B925DAE8}
		{5F626324-DE76-48CF-B119-4238DFE4F2F0} = {F1B91F6B-B6E0-434A-8A54-92B27CFB77E8}
		{AE123340-48D0-4721-BE0C-70BD4F7A1677} = {F1B91F6B-B6E0-434A-8A54-92B27CFB77E8}
		{AB6C9B0B-F934-4A6F-8EAE-2BE88BFC6E36} = {F1B91F6B-B6E0-434A-8A54-92B27CFB77E8}
		{E234EE1F-A4CA-46FA-A09A-1FEB08FD01CF} = {F1B91F6B-B6E0-434A-8A54-92B27CFB77E8}
		{977B5877-C1DA-41C9-8097-FE1436E89BEB} = {A5881525-63E2-4306-B212-10E6B925DAE8}
		{D9F3CB5C-D647-4A94-B36D-1E66DAE237AA} = {977B5877-C1DA-41C9-8097-FE1436E89BEB}
	EndGlobalSection
EndGlobal
